
Microsoft Visual Studio Solution File, Format Version 12.00
# Visual Studio 2015
Project("{FAE04EC0-301F-11D3-BF4B-00C04F79EFBC}") = "CubitGit.CSharp", "CubitGit.CSharp.csproj", "{A23904E6-B84E-A866-6C06-EB491D93BEE5}"
EndProject
Project("{FAE04EC0-301F-11D3-BF4B-00C04F79EFBC}") = "CubitGit.CSharp.Editor", "CubitGit.CSharp.Editor.csproj", "{3985E4DD-0BE2-4ED1-2574-363F42195B34}"
EndProject
Global
	GlobalSection(SolutionConfigurationPlatforms) = preSolution
		Debug|Any CPU = Debug|Any CPU
		Release|Any CPU = Release|Any CPU
	EndGlobalSection
	GlobalSection(ProjectConfigurationPlatforms) = postSolution
		{A23904E6-B84E-A866-6C06-EB491D93BEE5}.Debug|Any CPU.ActiveCfg = Debug|Any CPU
		{A23904E6-B84E-A866-6C06-EB491D93BEE5}.Debug|Any CPU.Build.0 = Debug|Any CPU
		{A23904E6-B84E-A866-6C06-EB491D93BEE5}.Release|Any CPU.ActiveCfg = Release|Any CPU
		{A23904E6-B84E-A866-6C06-EB491D93BEE5}.Release|Any CPU.Build.0 = Release|Any CPU
		{3985E4DD-0BE2-4ED1-2574-363F42195B34}.Debug|Any CPU.ActiveCfg = Debug|Any CPU
		{3985E4DD-0BE2-4ED1-2574-363F42195B34}.Debug|Any CPU.Build.0 = Debug|Any CPU
		{3985E4DD-0BE2-4ED1-2574-363F42195B34}.Release|Any CPU.ActiveCfg = Release|Any CPU
		{3985E4DD-0BE2-4ED1-2574-363F42195B34}.Release|Any CPU.Build.0 = Release|Any CPU
	EndGlobalSection
	GlobalSection(SolutionProperties) = preSolution
		HideSolutionNode = FALSE
	EndGlobalSection
EndGlobal
