
Microsoft Visual Studio Solution File, Format Version 12.00
# Visual Studio 15
Project("{FAE04EC0-301F-11D3-BF4B-00C04F79EFBC}") = "CubitGit", "Assembly-CSharp.csproj", "{3C2B3783-237C-44C1-DFF7-FAC35E51C03F}"
EndProject
Project("{FAE04EC0-301F-11D3-BF4B-00C04F79EFBC}") = "CubitGit", "Assembly-CSharp-Editor.csproj", "{53BC1700-AE28-77CC-B5F2-D2FBE76D893C}"
EndProject
Global
	GlobalSection(SolutionConfigurationPlatforms) = preSolution
		Debug|Any CPU = Debug|Any CPU
		Release|Any CPU = Release|Any CPU
	EndGlobalSection
	GlobalSection(ProjectConfigurationPlatforms) = postSolution
		{3C2B3783-237C-44C1-DFF7-FAC35E51C03F}.Debug|Any CPU.ActiveCfg = Debug|Any CPU
		{3C2B3783-237C-44C1-DFF7-FAC35E51C03F}.Debug|Any CPU.Build.0 = Debug|Any CPU
		{3C2B3783-237C-44C1-DFF7-FAC35E51C03F}.Release|Any CPU.ActiveCfg = Release|Any CPU
		{3C2B3783-237C-44C1-DFF7-FAC35E51C03F}.Release|Any CPU.Build.0 = Release|Any CPU
		{53BC1700-AE28-77CC-B5F2-D2FBE76D893C}.Debug|Any CPU.ActiveCfg = Debug|Any CPU
		{53BC1700-AE28-77CC-B5F2-D2FBE76D893C}.Debug|Any CPU.Build.0 = Debug|Any CPU
		{53BC1700-AE28-77CC-B5F2-D2FBE76D893C}.Release|Any CPU.ActiveCfg = Release|Any CPU
		{53BC1700-AE28-77CC-B5F2-D2FBE76D893C}.Release|Any CPU.Build.0 = Release|Any CPU
	EndGlobalSection
	GlobalSection(SolutionProperties) = preSolution
		HideSolutionNode = FALSE
	EndGlobalSection
EndGlobal
